
Microsoft Visual Studio Solution File, Format Version 12.00
# Visual Studio Version 16
VisualStudioVersion = 16.0.31129.286
MinimumVisualStudioVersion = 10.0.40219.1
Project("{9A19103F-16F7-4668-BE54-9A1E7A4F7556}") = "LogicaNegocio", "LogicaNegocio\LogicaNegocio.csproj", "{DB1D0FE4-9F82-47E4-A7D3-511A16ACC212}"
EndProject
Project("{9A19103F-16F7-4668-BE54-9A1E7A4F7556}") = "Entidades", "Entidades\Entidades.csproj", "{EE32ADB7-F4A5-4815-9E44-CD155ABFA0D9}"
EndProject
Project("{9A19103F-16F7-4668-BE54-9A1E7A4F7556}") = "AccesoDatos", "AccesoDatos\AccesoDatos.csproj", "{35F9F7B1-6D91-4A57-AD1B-F15BDBE52946}"
EndProject
Project("{FAE04EC0-301F-11D3-BF4B-00C04F79EFBC}") = "PresentacionWeb", "PresentacionWeb\PresentacionWeb.csproj", "{A869215D-DE32-4DFF-914E-BF1F6860F973}"
EndProject
Global
	GlobalSection(SolutionConfigurationPlatforms) = preSolution
		Debug|Any CPU = Debug|Any CPU
		Release|Any CPU = Release|Any CPU
	EndGlobalSection
	GlobalSection(ProjectConfigurationPlatforms) = postSolution
		{DB1D0FE4-9F82-47E4-A7D3-511A16ACC212}.Debug|Any CPU.ActiveCfg = Debug|Any CPU
		{DB1D0FE4-9F82-47E4-A7D3-511A16ACC212}.Debug|Any CPU.Build.0 = Debug|Any CPU
		{DB1D0FE4-9F82-47E4-A7D3-511A16ACC212}.Release|Any CPU.ActiveCfg = Release|Any CPU
		{DB1D0FE4-9F82-47E4-A7D3-511A16ACC212}.Release|Any CPU.Build.0 = Release|Any CPU
		{EE32ADB7-F4A5-4815-9E44-CD155ABFA0D9}.Debug|Any CPU.ActiveCfg = Debug|Any CPU
		{EE32ADB7-F4A5-4815-9E44-CD155ABFA0D9}.Debug|Any CPU.Build.0 = Debug|Any CPU
		{EE32ADB7-F4A5-4815-9E44-CD155ABFA0D9}.Release|Any CPU.ActiveCfg = Release|Any CPU
		{EE32ADB7-F4A5-4815-9E44-CD155ABFA0D9}.Release|Any CPU.Build.0 = Release|Any CPU
		{35F9F7B1-6D91-4A57-AD1B-F15BDBE52946}.Debug|Any CPU.ActiveCfg = Debug|Any CPU
		{35F9F7B1-6D91-4A57-AD1B-F15BDBE52946}.Debug|Any CPU.Build.0 = Debug|Any CPU
		{35F9F7B1-6D91-4A57-AD1B-F15BDBE52946}.Release|Any CPU.ActiveCfg = Release|Any CPU
		{35F9F7B1-6D91-4A57-AD1B-F15BDBE52946}.Release|Any CPU.Build.0 = Release|Any CPU
		{A869215D-DE32-4DFF-914E-BF1F6860F973}.Debug|Any CPU.ActiveCfg = Debug|Any CPU
		{A869215D-DE32-4DFF-914E-BF1F6860F973}.Debug|Any CPU.Build.0 = Debug|Any CPU
		{A869215D-DE32-4DFF-914E-BF1F6860F973}.Release|Any CPU.ActiveCfg = Release|Any CPU
		{A869215D-DE32-4DFF-914E-BF1F6860F973}.Release|Any CPU.Build.0 = Release|Any CPU
	EndGlobalSection
	GlobalSection(SolutionProperties) = preSolution
		HideSolutionNode = FALSE
	EndGlobalSection
	GlobalSection(ExtensibilityGlobals) = postSolution
		SolutionGuid = {3249AE46-FE05-428C-89A3-5CD0D2E9053C}
	EndGlobalSection
EndGlobal
